
Microsoft Visual Studio Solution File, Format Version 12.00
# Visual Studio Version 17
VisualStudioVersion = 17.0.31903.59
MinimumVisualStudioVersion = 10.0.40219.1
Project("{FAE04EC0-301F-11D3-BF4B-00C04F79EFBC}") = "GrokPY.Core", "GrokPY.Core\GrokPY.Core.csproj", "{BD694F13-D48A-4FD3-8A17-8B6593157FED}"
EndProject
Project("{FAE04EC0-301F-11D3-BF4B-00C04F79EFBC}") = "GrokPY.Services", "GrokPY.Services\GrokPY.Services.csproj", "{DA0D91A6-F03A-48C4-AFA1-C7E1075151B6}"
EndProject
Project("{FAE04EC0-301F-11D3-BF4B-00C04F79EFBC}") = "GrokPY.App", "GrokPY.App\GrokPY.App.csproj", "{CA64A3DE-0619-447B-8244-6CCC485E3E75}"
EndProject
Global
	GlobalSection(SolutionConfigurationPlatforms) = preSolution
		Debug|Any CPU = Debug|Any CPU
		Debug|x64 = Debug|x64
		Debug|x86 = Debug|x86
		Release|Any CPU = Release|Any CPU
		Release|x64 = Release|x64
		Release|x86 = Release|x86
	EndGlobalSection
	GlobalSection(ProjectConfigurationPlatforms) = postSolution
		{BD694F13-D48A-4FD3-8A17-8B6593157FED}.Debug|Any CPU.ActiveCfg = Debug|Any CPU
		{BD694F13-D48A-4FD3-8A17-8B6593157FED}.Debug|Any CPU.Build.0 = Debug|Any CPU
		{BD694F13-D48A-4FD3-8A17-8B6593157FED}.Debug|x64.ActiveCfg = Debug|Any CPU
		{BD694F13-D48A-4FD3-8A17-8B6593157FED}.Debug|x64.Build.0 = Debug|Any CPU
		{BD694F13-D48A-4FD3-8A17-8B6593157FED}.Debug|x86.ActiveCfg = Debug|Any CPU
		{BD694F13-D48A-4FD3-8A17-8B6593157FED}.Debug|x86.Build.0 = Debug|Any CPU
		{BD694F13-D48A-4FD3-8A17-8B6593157FED}.Release|Any CPU.ActiveCfg = Release|Any CPU
		{BD694F13-D48A-4FD3-8A17-8B6593157FED}.Release|Any CPU.Build.0 = Release|Any CPU
		{BD694F13-D48A-4FD3-8A17-8B6593157FED}.Release|x64.ActiveCfg = Release|Any CPU
		{BD694F13-D48A-4FD3-8A17-8B6593157FED}.Release|x64.Build.0 = Release|Any CPU
		{BD694F13-D48A-4FD3-8A17-8B6593157FED}.Release|x86.ActiveCfg = Release|Any CPU
		{BD694F13-D48A-4FD3-8A17-8B6593157FED}.Release|x86.Build.0 = Release|Any CPU
		{DA0D91A6-F03A-48C4-AFA1-C7E1075151B6}.Debug|Any CPU.ActiveCfg = Debug|Any CPU
		{DA0D91A6-F03A-48C4-AFA1-C7E1075151B6}.Debug|Any CPU.Build.0 = Debug|Any CPU
		{DA0D91A6-F03A-48C4-AFA1-C7E1075151B6}.Debug|x64.ActiveCfg = Debug|Any CPU
		{DA0D91A6-F03A-48C4-AFA1-C7E1075151B6}.Debug|x64.Build.0 = Debug|Any CPU
		{DA0D91A6-F03A-48C4-AFA1-C7E1075151B6}.Debug|x86.ActiveCfg = Debug|Any CPU
		{DA0D91A6-F03A-48C4-AFA1-C7E1075151B6}.Debug|x86.Build.0 = Debug|Any CPU
		{DA0D91A6-F03A-48C4-AFA1-C7E1075151B6}.Release|Any CPU.ActiveCfg = Release|Any CPU
		{DA0D91A6-F03A-48C4-AFA1-C7E1075151B6}.Release|Any CPU.Build.0 = Release|Any CPU
		{DA0D91A6-F03A-48C4-AFA1-C7E1075151B6}.Release|x64.ActiveCfg = Release|Any CPU
		{DA0D91A6-F03A-48C4-AFA1-C7E1075151B6}.Release|x64.Build.0 = Release|Any CPU
		{DA0D91A6-F03A-48C4-AFA1-C7E1075151B6}.Release|x86.ActiveCfg = Release|Any CPU
		{DA0D91A6-F03A-48C4-AFA1-C7E1075151B6}.Release|x86.Build.0 = Release|Any CPU
		{CA64A3DE-0619-447B-8244-6CCC485E3E75}.Debug|Any CPU.ActiveCfg = Debug|Any CPU
		{CA64A3DE-0619-447B-8244-6CCC485E3E75}.Debug|Any CPU.Build.0 = Debug|Any CPU
		{CA64A3DE-0619-447B-8244-6CCC485E3E75}.Debug|x64.ActiveCfg = Debug|Any CPU
		{CA64A3DE-0619-447B-8244-6CCC485E3E75}.Debug|x64.Build.0 = Debug|Any CPU
		{CA64A3DE-0619-447B-8244-6CCC485E3E75}.Debug|x86.ActiveCfg = Debug|Any CPU
		{CA64A3DE-0619-447B-8244-6CCC485E3E75}.Debug|x86.Build.0 = Debug|Any CPU
		{CA64A3DE-0619-447B-8244-6CCC485E3E75}.Release|Any CPU.ActiveCfg = Release|Any CPU
		{CA64A3DE-0619-447B-8244-6CCC485E3E75}.Release|Any CPU.Build.0 = Release|Any CPU
		{CA64A3DE-0619-447B-8244-6CCC485E3E75}.Release|x64.ActiveCfg = Release|Any CPU
		{CA64A3DE-0619-447B-8244-6CCC485E3E75}.Release|x64.Build.0 = Release|Any CPU
		{CA64A3DE-0619-447B-8244-6CCC485E3E75}.Release|x86.ActiveCfg = Release|Any CPU
		{CA64A3DE-0619-447B-8244-6CCC485E3E75}.Release|x86.Build.0 = Release|Any CPU
	EndGlobalSection
	GlobalSection(SolutionProperties) = preSolution
		HideSolutionNode = FALSE
	EndGlobalSection
EndGlobal
